
Microsoft Visual Studio Solution File, Format Version 12.00
# Visual Studio Version 16
VisualStudioVersion = 16.0.32228.343
MinimumVisualStudioVersion = 10.0.40219.1
Project("{2150E333-8FDC-42A3-9474-1A3956D46DE8}") = "Chapter02", "Chapter02", "{72D9EFA0-D047-4E50-B193-82A9C0533DE5}"
EndProject
Project("{FAE04EC0-301F-11D3-BF4B-00C04F79EFBC}") = "DistanceConverter", "Chapter02\DistanceConverter\DistanceConverter.csproj", "{8C8C7523-B1E6-42A1-B3C0-89F83A5A705F}"
EndProject
Project("{FAE04EC0-301F-11D3-BF4B-00C04F79EFBC}") = "SalesCalculater", "Chapter02\SalesCalculater\SalesCalculater.csproj", "{E26DB4DF-A7AB-4508-9CE3-9EE5149770E6}"
EndProject
Project("{FAE04EC0-301F-11D3-BF4B-00C04F79EFBC}") = "Exercise", "Chapter02\Exercise\Exercise.csproj", "{D801AA85-EBD8-4C7D-8EE1-B6B31CE225DE}"
EndProject
Project("{FAE04EC0-301F-11D3-BF4B-00C04F79EFBC}") = "Exercise02", "Chapter02\Exercise02\Exercise02.csproj", "{A4C384FE-82A3-4897-87B0-3F072631E2D6}"
EndProject
Project("{2150E333-8FDC-42A3-9474-1A3956D46DE8}") = "Chapter03", "Chapter03", "{BDC437E5-D78B-4E6D-A806-09AF6890C936}"
EndProject
Project("{FAE04EC0-301F-11D3-BF4B-00C04F79EFBC}") = "Exercise01", "Chapter03\Exercise01\Exercise01.csproj", "{B42D4C68-D2EA-4CE5-B8CD-3B68DF38B8C1}"
EndProject
Project("{FAE04EC0-301F-11D3-BF4B-00C04F79EFBC}") = "Section01", "Chapter03\Section01\Section01.csproj", "{C617FDC1-DDFA-485A-B18E-3F101D329A52}"
EndProject
Project("{FAE04EC0-301F-11D3-BF4B-00C04F79EFBC}") = "Section04", "Chapter03\Section04\Section04.csproj", "{6D471E44-5CFF-43B8-9E53-27DDF3B49539}"
EndProject
Project("{FAE04EC0-301F-11D3-BF4B-00C04F79EFBC}") = "Exercise02", "Chapter03\Exercise02\Exercise02.csproj", "{68C298FC-5099-4427-BF76-AD3DA4AB8502}"
EndProject
Project("{2150E333-8FDC-42A3-9474-1A3956D46DE8}") = "Chapter04", "Chapter04", "{0F82160E-A248-45E2-84E1-66B944E8708E}"
EndProject
Project("{FAE04EC0-301F-11D3-BF4B-00C04F79EFBC}") = "Exercise01", "Chapter04\Exercise01\Exercise01.csproj", "{F398C124-C3F2-4A25-92E4-AA4367CDA727}"
EndProject
Project("{FAE04EC0-301F-11D3-BF4B-00C04F79EFBC}") = "Exercise02", "Chapter04\Exercise02\Exercise02.csproj", "{8F891DDC-9590-44D6-A6A6-6BE00C4DDC7A}"
EndProject
Project("{2150E333-8FDC-42A3-9474-1A3956D46DE8}") = "Chapter05", "Chapter05", "{333B7686-B78D-41D0-8490-EEE99252C069}"
EndProject
Project("{FAE04EC0-301F-11D3-BF4B-00C04F79EFBC}") = "Exercise01", "Chapter05\Exercise01\Exercise01.csproj", "{13B32F95-7593-4E83-BACC-5EE164662278}"
EndProject
Project("{FAE04EC0-301F-11D3-BF4B-00C04F79EFBC}") = "Exercise02", "Chapter05\Exercise02\Exercise02.csproj", "{06265C8E-4D89-4E08-948D-2328368A4D70}"
EndProject
Project("{FAE04EC0-301F-11D3-BF4B-00C04F79EFBC}") = "Exercise03", "Chapter05\Exercise03\Exercise03.csproj", "{EBF16DCB-40BE-4403-A19E-7344ED551B4F}"
EndProject
Project("{FAE04EC0-301F-11D3-BF4B-00C04F79EFBC}") = "Exercise04", "Chapter05\Exercise04\Exercise04.csproj", "{7E27FABD-2A20-41E8-9C66-FD1B67B96A5D}"
EndProject
Project("{2150E333-8FDC-42A3-9474-1A3956D46DE8}") = "Chapter06", "Chapter06", "{03105A83-BF7D-4FD1-8B74-EEFA5A4AA6EC}"
EndProject
Project("{FAE04EC0-301F-11D3-BF4B-00C04F79EFBC}") = "Exercise01", "Chapter06\Exercise01\Exercise01.csproj", "{ACA87C27-21A5-4ECF-8ABF-767A7E32DA6B}"
EndProject
Project("{FAE04EC0-301F-11D3-BF4B-00C04F79EFBC}") = "Exercise02", "Chapter06\Exercise02\Exercise02.csproj", "{8F454F96-BBA6-4222-9817-A60D278F4650}"
EndProject
Project("{2150E333-8FDC-42A3-9474-1A3956D46DE8}") = "FormAppSample", "FormAppSample", "{B0F31664-D0E9-4D56-87E1-8C6300979ADC}"
EndProject
Project("{FAE04EC0-301F-11D3-BF4B-00C04F79EFBC}") = "Sample0603", "FormAppSample\Sample0603\Sample0603.csproj", "{6AB17246-2757-408F-8DA5-7162F0622B3B}"
EndProject
Project("{FAE04EC0-301F-11D3-BF4B-00C04F79EFBC}") = "Sample0607", "FormAppSample\Sample0607\Sample0607.csproj", "{9B4AD7D2-1B6B-4B8B-97E3-D4AC96425529}"
EndProject
Project("{FAE04EC0-301F-11D3-BF4B-00C04F79EFBC}") = "NumberGame", "FormAppSample\NumberGame\NumberGame.csproj", "{462FB0D4-5F3B-4F24-B01A-7F7E89CDDEB7}"
EndProject
Project("{FAE04EC0-301F-11D3-BF4B-00C04F79EFBC}") = "AddressBook", "FormAppSample\AddressBook\AddressBook.csproj", "{A8BB6808-B572-4298-8C8D-470152882D10}"
EndProject
Project("{2150E333-8FDC-42A3-9474-1A3956D46DE8}") = "Test202206", "Test202206", "{9BF39980-A021-48A6-9834-246B7495CFE6}"
EndProject
Project("{FAE04EC0-301F-11D3-BF4B-00C04F79EFBC}") = "Test01", "Test202206\TestProject\Test01\Test01.csproj", "{2BFACDC3-F44D-4199-8498-F5C3C4AC0335}"
EndProject
Project("{FAE04EC0-301F-11D3-BF4B-00C04F79EFBC}") = "Test02", "Test202206\TestProject\Test02\Test02.csproj", "{E461C0A8-8900-485C-B520-E929BA33F712}"
EndProject
Project("{2150E333-8FDC-42A3-9474-1A3956D46DE8}") = "Chapter11", "Chapter11", "{655C03B4-74CC-4D10-AFE7-D7089DD8CC9D}"
EndProject
Project("{FAE04EC0-301F-11D3-BF4B-00C04F79EFBC}") = "XmlSample", "Chapter11\XmlSample\XmlSample.csproj", "{1A9DEDC9-27ED-4D1D-B089-82A4A5499BB4}"
EndProject
Project("{FAE04EC0-301F-11D3-BF4B-00C04F79EFBC}") = "RssReader", "Chapter11\RssReader\RssReader.csproj", "{EE841EFD-026F-467B-A814-3C4A354C0C7A}"
EndProject
Project("{FAE04EC0-301F-11D3-BF4B-00C04F79EFBC}") = "Exercise1", "Chapter11\Exercise1\Exercise1.csproj", "{4205E4FB-2745-4490-98C5-7F7D64D84EB9}"
EndProject
Project("{2150E333-8FDC-42A3-9474-1A3956D46DE8}") = "Chapter12", "Chapter12", "{B52847A1-929D-4ECE-9E3E-FB431271C121}"
EndProject
Project("{FAE04EC0-301F-11D3-BF4B-00C04F79EFBC}") = "Section01", "Chapter12\Section01\Section01.csproj", "{E55A69A6-C71F-49B6-B2EB-3281969A9215}"
EndProject
Project("{FAE04EC0-301F-11D3-BF4B-00C04F79EFBC}") = "Section02", "Chapter12\Section02\Section02.csproj", "{3B2B9D4F-93F1-4E0C-9B5F-4FC5E968563A}"
EndProject
Project("{FAE04EC0-301F-11D3-BF4B-00C04F79EFBC}") = "Exercise01", "Chapter12\Exercise01\Exercise01.csproj", "{C99D67F6-2D21-4A99-A018-F974AAC0862A}"
EndProject
Project("{FAE04EC0-301F-11D3-BF4B-00C04F79EFBC}") = "Exercise02", "Chapter12\Exercise02\Exercise02.csproj", "{C95466C2-9E5A-4E25-A9F9-FFC1A2FD4B12}"
EndProject
Project("{2150E333-8FDC-42A3-9474-1A3956D46DE8}") = "CarReportSystem", "CarReportSystem", "{2A06C5CE-6E3C-4F9F-AF85-4068F823E9D8}"
EndProject
Project("{FAE04EC0-301F-11D3-BF4B-00C04F79EFBC}") = "CarReportSystem", "CarReportSystem\CarReportSystem\CarReportSystem.csproj", "{0DB8F0B7-700E-43A1-BD4F-DB211C3D0DB1}"
EndProject
Project("{2150E333-8FDC-42A3-9474-1A3956D46DE8}") = "DesignPattern", "DesignPattern", "{54F2DA2C-B144-4E96-8071-D9329A58F63F}"
EndProject
Project("{FAE04EC0-301F-11D3-BF4B-00C04F79EFBC}") = "SingletonSample", "DesignPattern\SingletonSample\SingletonSample.csproj", "{889DB3BC-ECDE-4DBD-A615-D19684922B17}"
EndProject
Project("{2150E333-8FDC-42A3-9474-1A3956D46DE8}") = "Chapter17", "Chapter17", "{7FBEE5D7-C230-4AE8-B288-B112FBC9C082}"
EndProject
Project("{FAE04EC0-301F-11D3-BF4B-00C04F79EFBC}") = "Section01", "Chapter17\Section01\Section01.csproj", "{48279CE0-551C-414F-995E-52BBAE72A357}"
EndProject
Project("{2150E333-8FDC-42A3-9474-1A3956D46DE8}") = "Template Method", "Template Method", "{8B8E59B3-A033-4E65-A399-1DBC34DA466F}"
EndProject
Project("{FAE04EC0-301F-11D3-BF4B-00C04F79EFBC}") = "TextFileProcessor", "Chapter17\TemplateMethod\TextFileProcessor\TextFileProcessor.csproj", "{FB75D836-5AC4-4895-ACA9-E56B6CA641D3}"
EndProject
Project("{FAE04EC0-301F-11D3-BF4B-00C04F79EFBC}") = "LineCounter", "Chapter17\TemplateMethod\LineCounter\LineCounter.csproj", "{2BFB73D2-2C2E-41FF-9266-85ED82AF3BF2}"
EndProject
Project("{FAE04EC0-301F-11D3-BF4B-00C04F79EFBC}") = "Exercise1", "Chapter17\Exercise1\Exercise1.csproj", "{19313891-0285-4A9D-8EB8-CF25CA6F3E61}"
EndProject
Global
	GlobalSection(SolutionConfigurationPlatforms) = preSolution
		Debug|Any CPU = Debug|Any CPU
		Release|Any CPU = Release|Any CPU
	EndGlobalSection
	GlobalSection(ProjectConfigurationPlatforms) = postSolution
		{8C8C7523-B1E6-42A1-B3C0-89F83A5A705F}.Debug|Any CPU.ActiveCfg = Debug|Any CPU
		{8C8C7523-B1E6-42A1-B3C0-89F83A5A705F}.Debug|Any CPU.Build.0 = Debug|Any CPU
		{8C8C7523-B1E6-42A1-B3C0-89F83A5A705F}.Release|Any CPU.ActiveCfg = Release|Any CPU
		{8C8C7523-B1E6-42A1-B3C0-89F83A5A705F}.Release|Any CPU.Build.0 = Release|Any CPU
		{E26DB4DF-A7AB-4508-9CE3-9EE5149770E6}.Debug|Any CPU.ActiveCfg = Debug|Any CPU
		{E26DB4DF-A7AB-4508-9CE3-9EE5149770E6}.Debug|Any CPU.Build.0 = Debug|Any CPU
		{E26DB4DF-A7AB-4508-9CE3-9EE5149770E6}.Release|Any CPU.ActiveCfg = Release|Any CPU
		{E26DB4DF-A7AB-4508-9CE3-9EE5149770E6}.Release|Any CPU.Build.0 = Release|Any CPU
		{D801AA85-EBD8-4C7D-8EE1-B6B31CE225DE}.Debug|Any CPU.ActiveCfg = Debug|Any CPU
		{D801AA85-EBD8-4C7D-8EE1-B6B31CE225DE}.Debug|Any CPU.Build.0 = Debug|Any CPU
		{D801AA85-EBD8-4C7D-8EE1-B6B31CE225DE}.Release|Any CPU.ActiveCfg = Release|Any CPU
		{D801AA85-EBD8-4C7D-8EE1-B6B31CE225DE}.Release|Any CPU.Build.0 = Release|Any CPU
		{A4C384FE-82A3-4897-87B0-3F072631E2D6}.Debug|Any CPU.ActiveCfg = Debug|Any CPU
		{A4C384FE-82A3-4897-87B0-3F072631E2D6}.Debug|Any CPU.Build.0 = Debug|Any CPU
		{A4C384FE-82A3-4897-87B0-3F072631E2D6}.Release|Any CPU.ActiveCfg = Release|Any CPU
		{A4C384FE-82A3-4897-87B0-3F072631E2D6}.Release|Any CPU.Build.0 = Release|Any CPU
		{B42D4C68-D2EA-4CE5-B8CD-3B68DF38B8C1}.Debug|Any CPU.ActiveCfg = Debug|Any CPU
		{B42D4C68-D2EA-4CE5-B8CD-3B68DF38B8C1}.Debug|Any CPU.Build.0 = Debug|Any CPU
		{B42D4C68-D2EA-4CE5-B8CD-3B68DF38B8C1}.Release|Any CPU.ActiveCfg = Release|Any CPU
		{B42D4C68-D2EA-4CE5-B8CD-3B68DF38B8C1}.Release|Any CPU.Build.0 = Release|Any CPU
		{C617FDC1-DDFA-485A-B18E-3F101D329A52}.Debug|Any CPU.ActiveCfg = Debug|Any CPU
		{C617FDC1-DDFA-485A-B18E-3F101D329A52}.Debug|Any CPU.Build.0 = Debug|Any CPU
		{C617FDC1-DDFA-485A-B18E-3F101D329A52}.Release|Any CPU.ActiveCfg = Release|Any CPU
		{C617FDC1-DDFA-485A-B18E-3F101D329A52}.Release|Any CPU.Build.0 = Release|Any CPU
		{6D471E44-5CFF-43B8-9E53-27DDF3B49539}.Debug|Any CPU.ActiveCfg = Debug|Any CPU
		{6D471E44-5CFF-43B8-9E53-27DDF3B49539}.Debug|Any CPU.Build.0 = Debug|Any CPU
		{6D471E44-5CFF-43B8-9E53-27DDF3B49539}.Release|Any CPU.ActiveCfg = Release|Any CPU
		{6D471E44-5CFF-43B8-9E53-27DDF3B49539}.Release|Any CPU.Build.0 = Release|Any CPU
		{68C298FC-5099-4427-BF76-AD3DA4AB8502}.Debug|Any CPU.ActiveCfg = Debug|Any CPU
		{68C298FC-5099-4427-BF76-AD3DA4AB8502}.Debug|Any CPU.Build.0 = Debug|Any CPU
		{68C298FC-5099-4427-BF76-AD3DA4AB8502}.Release|Any CPU.ActiveCfg = Release|Any CPU
		{68C298FC-5099-4427-BF76-AD3DA4AB8502}.Release|Any CPU.Build.0 = Release|Any CPU
		{F398C124-C3F2-4A25-92E4-AA4367CDA727}.Debug|Any CPU.ActiveCfg = Debug|Any CPU
		{F398C124-C3F2-4A25-92E4-AA4367CDA727}.Debug|Any CPU.Build.0 = Debug|Any CPU
		{F398C124-C3F2-4A25-92E4-AA4367CDA727}.Release|Any CPU.ActiveCfg = Release|Any CPU
		{F398C124-C3F2-4A25-92E4-AA4367CDA727}.Release|Any CPU.Build.0 = Release|Any CPU
		{8F891DDC-9590-44D6-A6A6-6BE00C4DDC7A}.Debug|Any CPU.ActiveCfg = Debug|Any CPU
		{8F891DDC-9590-44D6-A6A6-6BE00C4DDC7A}.Debug|Any CPU.Build.0 = Debug|Any CPU
		{8F891DDC-9590-44D6-A6A6-6BE00C4DDC7A}.Release|Any CPU.ActiveCfg = Release|Any CPU
		{8F891DDC-9590-44D6-A6A6-6BE00C4DDC7A}.Release|Any CPU.Build.0 = Release|Any CPU
		{13B32F95-7593-4E83-BACC-5EE164662278}.Debug|Any CPU.ActiveCfg = Debug|Any CPU
		{13B32F95-7593-4E83-BACC-5EE164662278}.Debug|Any CPU.Build.0 = Debug|Any CPU
		{13B32F95-7593-4E83-BACC-5EE164662278}.Release|Any CPU.ActiveCfg = Release|Any CPU
		{13B32F95-7593-4E83-BACC-5EE164662278}.Release|Any CPU.Build.0 = Release|Any CPU
		{06265C8E-4D89-4E08-948D-2328368A4D70}.Debug|Any CPU.ActiveCfg = Debug|Any CPU
		{06265C8E-4D89-4E08-948D-2328368A4D70}.Debug|Any CPU.Build.0 = Debug|Any CPU
		{06265C8E-4D89-4E08-948D-2328368A4D70}.Release|Any CPU.ActiveCfg = Release|Any CPU
		{06265C8E-4D89-4E08-948D-2328368A4D70}.Release|Any CPU.Build.0 = Release|Any CPU
		{EBF16DCB-40BE-4403-A19E-7344ED551B4F}.Debug|Any CPU.ActiveCfg = Debug|Any CPU
		{EBF16DCB-40BE-4403-A19E-7344ED551B4F}.Debug|Any CPU.Build.0 = Debug|Any CPU
		{EBF16DCB-40BE-4403-A19E-7344ED551B4F}.Release|Any CPU.ActiveCfg = Release|Any CPU
		{EBF16DCB-40BE-4403-A19E-7344ED551B4F}.Release|Any CPU.Build.0 = Release|Any CPU
		{7E27FABD-2A20-41E8-9C66-FD1B67B96A5D}.Debug|Any CPU.ActiveCfg = Debug|Any CPU
		{7E27FABD-2A20-41E8-9C66-FD1B67B96A5D}.Debug|Any CPU.Build.0 = Debug|Any CPU
		{7E27FABD-2A20-41E8-9C66-FD1B67B96A5D}.Release|Any CPU.ActiveCfg = Release|Any CPU
		{7E27FABD-2A20-41E8-9C66-FD1B67B96A5D}.Release|Any CPU.Build.0 = Release|Any CPU
		{ACA87C27-21A5-4ECF-8ABF-767A7E32DA6B}.Debug|Any CPU.ActiveCfg = Debug|Any CPU
		{ACA87C27-21A5-4ECF-8ABF-767A7E32DA6B}.Debug|Any CPU.Build.0 = Debug|Any CPU
		{ACA87C27-21A5-4ECF-8ABF-767A7E32DA6B}.Release|Any CPU.ActiveCfg = Release|Any CPU
		{ACA87C27-21A5-4ECF-8ABF-767A7E32DA6B}.Release|Any CPU.Build.0 = Release|Any CPU
		{8F454F96-BBA6-4222-9817-A60D278F4650}.Debug|Any CPU.ActiveCfg = Debug|Any CPU
		{8F454F96-BBA6-4222-9817-A60D278F4650}.Debug|Any CPU.Build.0 = Debug|Any CPU
		{8F454F96-BBA6-4222-9817-A60D278F4650}.Release|Any CPU.ActiveCfg = Release|Any CPU
		{8F454F96-BBA6-4222-9817-A60D278F4650}.Release|Any CPU.Build.0 = Release|Any CPU
		{6AB17246-2757-408F-8DA5-7162F0622B3B}.Debug|Any CPU.ActiveCfg = Debug|Any CPU
		{6AB17246-2757-408F-8DA5-7162F0622B3B}.Debug|Any CPU.Build.0 = Debug|Any CPU
		{6AB17246-2757-408F-8DA5-7162F0622B3B}.Release|Any CPU.ActiveCfg = Release|Any CPU
		{6AB17246-2757-408F-8DA5-7162F0622B3B}.Release|Any CPU.Build.0 = Release|Any CPU
		{9B4AD7D2-1B6B-4B8B-97E3-D4AC96425529}.Debug|Any CPU.ActiveCfg = Debug|Any CPU
		{9B4AD7D2-1B6B-4B8B-97E3-D4AC96425529}.Debug|Any CPU.Build.0 = Debug|Any CPU
		{9B4AD7D2-1B6B-4B8B-97E3-D4AC96425529}.Release|Any CPU.ActiveCfg = Release|Any CPU
		{9B4AD7D2-1B6B-4B8B-97E3-D4AC96425529}.Release|Any CPU.Build.0 = Release|Any CPU
		{462FB0D4-5F3B-4F24-B01A-7F7E89CDDEB7}.Debug|Any CPU.ActiveCfg = Debug|Any CPU
		{462FB0D4-5F3B-4F24-B01A-7F7E89CDDEB7}.Debug|Any CPU.Build.0 = Debug|Any CPU
		{462FB0D4-5F3B-4F24-B01A-7F7E89CDDEB7}.Release|Any CPU.ActiveCfg = Release|Any CPU
		{462FB0D4-5F3B-4F24-B01A-7F7E89CDDEB7}.Release|Any CPU.Build.0 = Release|Any CPU
		{A8BB6808-B572-4298-8C8D-470152882D10}.Debug|Any CPU.ActiveCfg = Debug|Any CPU
		{A8BB6808-B572-4298-8C8D-470152882D10}.Debug|Any CPU.Build.0 = Debug|Any CPU
		{A8BB6808-B572-4298-8C8D-470152882D10}.Release|Any CPU.ActiveCfg = Release|Any CPU
		{A8BB6808-B572-4298-8C8D-470152882D10}.Release|Any CPU.Build.0 = Release|Any CPU
		{2BFACDC3-F44D-4199-8498-F5C3C4AC0335}.Debug|Any CPU.ActiveCfg = Debug|Any CPU
		{2BFACDC3-F44D-4199-8498-F5C3C4AC0335}.Debug|Any CPU.Build.0 = Debug|Any CPU
		{2BFACDC3-F44D-4199-8498-F5C3C4AC0335}.Release|Any CPU.ActiveCfg = Release|Any CPU
		{2BFACDC3-F44D-4199-8498-F5C3C4AC0335}.Release|Any CPU.Build.0 = Release|Any CPU
		{E461C0A8-8900-485C-B520-E929BA33F712}.Debug|Any CPU.ActiveCfg = Debug|Any CPU
		{E461C0A8-8900-485C-B520-E929BA33F712}.Debug|Any CPU.Build.0 = Debug|Any CPU
		{E461C0A8-8900-485C-B520-E929BA33F712}.Release|Any CPU.ActiveCfg = Release|Any CPU
		{E461C0A8-8900-485C-B520-E929BA33F712}.Release|Any CPU.Build.0 = Release|Any CPU
		{1A9DEDC9-27ED-4D1D-B089-82A4A5499BB4}.Debug|Any CPU.ActiveCfg = Debug|Any CPU
		{1A9DEDC9-27ED-4D1D-B089-82A4A5499BB4}.Debug|Any CPU.Build.0 = Debug|Any CPU
		{1A9DEDC9-27ED-4D1D-B089-82A4A5499BB4}.Release|Any CPU.ActiveCfg = Release|Any CPU
		{1A9DEDC9-27ED-4D1D-B089-82A4A5499BB4}.Release|Any CPU.Build.0 = Release|Any CPU
		{EE841EFD-026F-467B-A814-3C4A354C0C7A}.Debug|Any CPU.ActiveCfg = Debug|Any CPU
		{EE841EFD-026F-467B-A814-3C4A354C0C7A}.Debug|Any CPU.Build.0 = Debug|Any CPU
		{EE841EFD-026F-467B-A814-3C4A354C0C7A}.Release|Any CPU.ActiveCfg = Release|Any CPU
		{EE841EFD-026F-467B-A814-3C4A354C0C7A}.Release|Any CPU.Build.0 = Release|Any CPU
		{4205E4FB-2745-4490-98C5-7F7D64D84EB9}.Debug|Any CPU.ActiveCfg = Debug|Any CPU
		{4205E4FB-2745-4490-98C5-7F7D64D84EB9}.Debug|Any CPU.Build.0 = Debug|Any CPU
		{4205E4FB-2745-4490-98C5-7F7D64D84EB9}.Release|Any CPU.ActiveCfg = Release|Any CPU
		{4205E4FB-2745-4490-98C5-7F7D64D84EB9}.Release|Any CPU.Build.0 = Release|Any CPU
		{E55A69A6-C71F-49B6-B2EB-3281969A9215}.Debug|Any CPU.ActiveCfg = Debug|Any CPU
		{E55A69A6-C71F-49B6-B2EB-3281969A9215}.Debug|Any CPU.Build.0 = Debug|Any CPU
		{E55A69A6-C71F-49B6-B2EB-3281969A9215}.Release|Any CPU.ActiveCfg = Release|Any CPU
		{E55A69A6-C71F-49B6-B2EB-3281969A9215}.Release|Any CPU.Build.0 = Release|Any CPU
		{3B2B9D4F-93F1-4E0C-9B5F-4FC5E968563A}.Debug|Any CPU.ActiveCfg = Debug|Any CPU
		{3B2B9D4F-93F1-4E0C-9B5F-4FC5E968563A}.Debug|Any CPU.Build.0 = Debug|Any CPU
		{3B2B9D4F-93F1-4E0C-9B5F-4FC5E968563A}.Release|Any CPU.ActiveCfg = Release|Any CPU
		{3B2B9D4F-93F1-4E0C-9B5F-4FC5E968563A}.Release|Any CPU.Build.0 = Release|Any CPU
		{C99D67F6-2D21-4A99-A018-F974AAC0862A}.Debug|Any CPU.ActiveCfg = Debug|Any CPU
		{C99D67F6-2D21-4A99-A018-F974AAC0862A}.Debug|Any CPU.Build.0 = Debug|Any CPU
		{C99D67F6-2D21-4A99-A018-F974AAC0862A}.Release|Any CPU.ActiveCfg = Release|Any CPU
		{C99D67F6-2D21-4A99-A018-F974AAC0862A}.Release|Any CPU.Build.0 = Release|Any CPU
		{C95466C2-9E5A-4E25-A9F9-FFC1A2FD4B12}.Debug|Any CPU.ActiveCfg = Debug|Any CPU
		{C95466C2-9E5A-4E25-A9F9-FFC1A2FD4B12}.Debug|Any CPU.Build.0 = Debug|Any CPU
		{C95466C2-9E5A-4E25-A9F9-FFC1A2FD4B12}.Release|Any CPU.ActiveCfg = Release|Any CPU
		{C95466C2-9E5A-4E25-A9F9-FFC1A2FD4B12}.Release|Any CPU.Build.0 = Release|Any CPU
		{0DB8F0B7-700E-43A1-BD4F-DB211C3D0DB1}.Debug|Any CPU.ActiveCfg = Debug|Any CPU
		{0DB8F0B7-700E-43A1-BD4F-DB211C3D0DB1}.Debug|Any CPU.Build.0 = Debug|Any CPU
		{0DB8F0B7-700E-43A1-BD4F-DB211C3D0DB1}.Release|Any CPU.ActiveCfg = Release|Any CPU
		{0DB8F0B7-700E-43A1-BD4F-DB211C3D0DB1}.Release|Any CPU.Build.0 = Release|Any CPU
		{889DB3BC-ECDE-4DBD-A615-D19684922B17}.Debug|Any CPU.ActiveCfg = Debug|Any CPU
		{889DB3BC-ECDE-4DBD-A615-D19684922B17}.Debug|Any CPU.Build.0 = Debug|Any CPU
		{889DB3BC-ECDE-4DBD-A615-D19684922B17}.Release|Any CPU.ActiveCfg = Release|Any CPU
		{889DB3BC-ECDE-4DBD-A615-D19684922B17}.Release|Any CPU.Build.0 = Release|Any CPU
		{48279CE0-551C-414F-995E-52BBAE72A357}.Debug|Any CPU.ActiveCfg = Debug|Any CPU
		{48279CE0-551C-414F-995E-52BBAE72A357}.Debug|Any CPU.Build.0 = Debug|Any CPU
		{48279CE0-551C-414F-995E-52BBAE72A357}.Release|Any CPU.ActiveCfg = Release|Any CPU
		{48279CE0-551C-414F-995E-52BBAE72A357}.Release|Any CPU.Build.0 = Release|Any CPU
		{FB75D836-5AC4-4895-ACA9-E56B6CA641D3}.Debug|Any CPU.ActiveCfg = Debug|Any CPU
		{FB75D836-5AC4-4895-ACA9-E56B6CA641D3}.Debug|Any CPU.Build.0 = Debug|Any CPU
		{FB75D836-5AC4-4895-ACA9-E56B6CA641D3}.Release|Any CPU.ActiveCfg = Release|Any CPU
		{FB75D836-5AC4-4895-ACA9-E56B6CA641D3}.Release|Any CPU.Build.0 = Release|Any CPU
		{2BFB73D2-2C2E-41FF-9266-85ED82AF3BF2}.Debug|Any CPU.ActiveCfg = Debug|Any CPU
		{2BFB73D2-2C2E-41FF-9266-85ED82AF3BF2}.Debug|Any CPU.Build.0 = Debug|Any CPU
		{2BFB73D2-2C2E-41FF-9266-85ED82AF3BF2}.Release|Any CPU.ActiveCfg = Release|Any CPU
		{2BFB73D2-2C2E-41FF-9266-85ED82AF3BF2}.Release|Any CPU.Build.0 = Release|Any CPU
		{19313891-0285-4A9D-8EB8-CF25CA6F3E61}.Debug|Any CPU.ActiveCfg = Debug|Any CPU
		{19313891-0285-4A9D-8EB8-CF25CA6F3E61}.Debug|Any CPU.Build.0 = Debug|Any CPU
		{19313891-0285-4A9D-8EB8-CF25CA6F3E61}.Release|Any CPU.ActiveCfg = Release|Any CPU
		{19313891-0285-4A9D-8EB8-CF25CA6F3E61}.Release|Any CPU.Build.0 = Release|Any CPU
	EndGlobalSection
	GlobalSection(SolutionProperties) = preSolution
		HideSolutionNode = FALSE
	EndGlobalSection
	GlobalSection(NestedProjects) = preSolution
		{8C8C7523-B1E6-42A1-B3C0-89F83A5A705F} = {72D9EFA0-D047-4E50-B193-82A9C0533DE5}
		{E26DB4DF-A7AB-4508-9CE3-9EE5149770E6} = {72D9EFA0-D047-4E50-B193-82A9C0533DE5}
		{D801AA85-EBD8-4C7D-8EE1-B6B31CE225DE} = {72D9EFA0-D047-4E50-B193-82A9C0533DE5}
		{A4C384FE-82A3-4897-87B0-3F072631E2D6} = {72D9EFA0-D047-4E50-B193-82A9C0533DE5}
		{B42D4C68-D2EA-4CE5-B8CD-3B68DF38B8C1} = {BDC437E5-D78B-4E6D-A806-09AF6890C936}
		{C617FDC1-DDFA-485A-B18E-3F101D329A52} = {BDC437E5-D78B-4E6D-A806-09AF6890C936}
		{6D471E44-5CFF-43B8-9E53-27DDF3B49539} = {BDC437E5-D78B-4E6D-A806-09AF6890C936}
		{68C298FC-5099-4427-BF76-AD3DA4AB8502} = {BDC437E5-D78B-4E6D-A806-09AF6890C936}
		{F398C124-C3F2-4A25-92E4-AA4367CDA727} = {0F82160E-A248-45E2-84E1-66B944E8708E}
		{8F891DDC-9590-44D6-A6A6-6BE00C4DDC7A} = {0F82160E-A248-45E2-84E1-66B944E8708E}
		{13B32F95-7593-4E83-BACC-5EE164662278} = {333B7686-B78D-41D0-8490-EEE99252C069}
		{06265C8E-4D89-4E08-948D-2328368A4D70} = {333B7686-B78D-41D0-8490-EEE99252C069}
		{EBF16DCB-40BE-4403-A19E-7344ED551B4F} = {333B7686-B78D-41D0-8490-EEE99252C069}
		{7E27FABD-2A20-41E8-9C66-FD1B67B96A5D} = {333B7686-B78D-41D0-8490-EEE99252C069}
		{ACA87C27-21A5-4ECF-8ABF-767A7E32DA6B} = {03105A83-BF7D-4FD1-8B74-EEFA5A4AA6EC}
		{8F454F96-BBA6-4222-9817-A60D278F4650} = {03105A83-BF7D-4FD1-8B74-EEFA5A4AA6EC}
		{6AB17246-2757-408F-8DA5-7162F0622B3B} = {B0F31664-D0E9-4D56-87E1-8C6300979ADC}
		{9B4AD7D2-1B6B-4B8B-97E3-D4AC96425529} = {B0F31664-D0E9-4D56-87E1-8C6300979ADC}
		{462FB0D4-5F3B-4F24-B01A-7F7E89CDDEB7} = {B0F31664-D0E9-4D56-87E1-8C6300979ADC}
		{A8BB6808-B572-4298-8C8D-470152882D10} = {B0F31664-D0E9-4D56-87E1-8C6300979ADC}
		{2BFACDC3-F44D-4199-8498-F5C3C4AC0335} = {9BF39980-A021-48A6-9834-246B7495CFE6}
		{E461C0A8-8900-485C-B520-E929BA33F712} = {9BF39980-A021-48A6-9834-246B7495CFE6}
		{1A9DEDC9-27ED-4D1D-B089-82A4A5499BB4} = {655C03B4-74CC-4D10-AFE7-D7089DD8CC9D}
		{EE841EFD-026F-467B-A814-3C4A354C0C7A} = {655C03B4-74CC-4D10-AFE7-D7089DD8CC9D}
		{4205E4FB-2745-4490-98C5-7F7D64D84EB9} = {655C03B4-74CC-4D10-AFE7-D7089DD8CC9D}
		{E55A69A6-C71F-49B6-B2EB-3281969A9215} = {B52847A1-929D-4ECE-9E3E-FB431271C121}
		{3B2B9D4F-93F1-4E0C-9B5F-4FC5E968563A} = {B52847A1-929D-4ECE-9E3E-FB431271C121}
		{C99D67F6-2D21-4A99-A018-F974AAC0862A} = {B52847A1-929D-4ECE-9E3E-FB431271C121}
		{C95466C2-9E5A-4E25-A9F9-FFC1A2FD4B12} = {B52847A1-929D-4ECE-9E3E-FB431271C121}
		{0DB8F0B7-700E-43A1-BD4F-DB211C3D0DB1} = {2A06C5CE-6E3C-4F9F-AF85-4068F823E9D8}
		{889DB3BC-ECDE-4DBD-A615-D19684922B17} = {54F2DA2C-B144-4E96-8071-D9329A58F63F}
		{48279CE0-551C-414F-995E-52BBAE72A357} = {7FBEE5D7-C230-4AE8-B288-B112FBC9C082}
		{8B8E59B3-A033-4E65-A399-1DBC34DA466F} = {7FBEE5D7-C230-4AE8-B288-B112FBC9C082}
		{FB75D836-5AC4-4895-ACA9-E56B6CA641D3} = {8B8E59B3-A033-4E65-A399-1DBC34DA466F}
		{2BFB73D2-2C2E-41FF-9266-85ED82AF3BF2} = {8B8E59B3-A033-4E65-A399-1DBC34DA466F}
		{19313891-0285-4A9D-8EB8-CF25CA6F3E61} = {7FBEE5D7-C230-4AE8-B288-B112FBC9C082}
	EndGlobalSection
	GlobalSection(ExtensibilityGlobals) = postSolution
		SolutionGuid = {8C099CC1-E39C-48F1-B36F-8BFE3E0AF126}
	EndGlobalSection
EndGlobal
