
Microsoft Visual Studio Solution File, Format Version 12.00
# Visual Studio Version 16
VisualStudioVersion = 16.0.32228.343
MinimumVisualStudioVersion = 10.0.40219.1
Project("{2150E333-8FDC-42A3-9474-1A3956D46DE8}") = "Chapter02", "Chapter02", "{72D9EFA0-D047-4E50-B193-82A9C0533DE5}"
EndProject
Project("{FAE04EC0-301F-11D3-BF4B-00C04F79EFBC}") = "DistanceConverter", "Chapter02\DistanceConverter\DistanceConverter.csproj", "{8C8C7523-B1E6-42A1-B3C0-89F83A5A705F}"
EndProject
Project("{FAE04EC0-301F-11D3-BF4B-00C04F79EFBC}") = "SalesCalculater", "Chapter02\SalesCalculater\SalesCalculater.csproj", "{E26DB4DF-A7AB-4508-9CE3-9EE5149770E6}"
EndProject
Project("{FAE04EC0-301F-11D3-BF4B-00C04F79EFBC}") = "Exercise", "Chapter02\Exercise\Exercise.csproj", "{D801AA85-EBD8-4C7D-8EE1-B6B31CE225DE}"
EndProject
Project("{FAE04EC0-301F-11D3-BF4B-00C04F79EFBC}") = "Exercise02", "Chapter02\Exercise02\Exercise02.csproj", "{A4C384FE-82A3-4897-87B0-3F072631E2D6}"
EndProject
Project("{2150E333-8FDC-42A3-9474-1A3956D46DE8}") = "Chapter03", "Chapter03", "{BDC437E5-D78B-4E6D-A806-09AF6890C936}"
EndProject
Project("{FAE04EC0-301F-11D3-BF4B-00C04F79EFBC}") = "Exercise01", "Chapter03\Exercise01\Exercise01.csproj", "{B42D4C68-D2EA-4CE5-B8CD-3B68DF38B8C1}"
EndProject
Project("{FAE04EC0-301F-11D3-BF4B-00C04F79EFBC}") = "Section01", "Chapter03\Section01\Section01.csproj", "{C617FDC1-DDFA-485A-B18E-3F101D329A52}"
EndProject
Project("{FAE04EC0-301F-11D3-BF4B-00C04F79EFBC}") = "Section04", "Chapter03\Section04\Section04.csproj", "{6D471E44-5CFF-43B8-9E53-27DDF3B49539}"
EndProject
Project("{FAE04EC0-301F-11D3-BF4B-00C04F79EFBC}") = "Exercise02", "Chapter03\Exercise02\Exercise02.csproj", "{68C298FC-5099-4427-BF76-AD3DA4AB8502}"
EndProject
Global
	GlobalSection(SolutionConfigurationPlatforms) = preSolution
		Debug|Any CPU = Debug|Any CPU
		Release|Any CPU = Release|Any CPU
	EndGlobalSection
	GlobalSection(ProjectConfigurationPlatforms) = postSolution
		{8C8C7523-B1E6-42A1-B3C0-89F83A5A705F}.Debug|Any CPU.ActiveCfg = Debug|Any CPU
		{8C8C7523-B1E6-42A1-B3C0-89F83A5A705F}.Debug|Any CPU.Build.0 = Debug|Any CPU
		{8C8C7523-B1E6-42A1-B3C0-89F83A5A705F}.Release|Any CPU.ActiveCfg = Release|Any CPU
		{8C8C7523-B1E6-42A1-B3C0-89F83A5A705F}.Release|Any CPU.Build.0 = Release|Any CPU
		{E26DB4DF-A7AB-4508-9CE3-9EE5149770E6}.Debug|Any CPU.ActiveCfg = Debug|Any CPU
		{E26DB4DF-A7AB-4508-9CE3-9EE5149770E6}.Debug|Any CPU.Build.0 = Debug|Any CPU
		{E26DB4DF-A7AB-4508-9CE3-9EE5149770E6}.Release|Any CPU.ActiveCfg = Release|Any CPU
		{E26DB4DF-A7AB-4508-9CE3-9EE5149770E6}.Release|Any CPU.Build.0 = Release|Any CPU
		{D801AA85-EBD8-4C7D-8EE1-B6B31CE225DE}.Debug|Any CPU.ActiveCfg = Debug|Any CPU
		{D801AA85-EBD8-4C7D-8EE1-B6B31CE225DE}.Debug|Any CPU.Build.0 = Debug|Any CPU
		{D801AA85-EBD8-4C7D-8EE1-B6B31CE225DE}.Release|Any CPU.ActiveCfg = Release|Any CPU
		{D801AA85-EBD8-4C7D-8EE1-B6B31CE225DE}.Release|Any CPU.Build.0 = Release|Any CPU
		{A4C384FE-82A3-4897-87B0-3F072631E2D6}.Debug|Any CPU.ActiveCfg = Debug|Any CPU
		{A4C384FE-82A3-4897-87B0-3F072631E2D6}.Debug|Any CPU.Build.0 = Debug|Any CPU
		{A4C384FE-82A3-4897-87B0-3F072631E2D6}.Release|Any CPU.ActiveCfg = Release|Any CPU
		{A4C384FE-82A3-4897-87B0-3F072631E2D6}.Release|Any CPU.Build.0 = Release|Any CPU
		{B42D4C68-D2EA-4CE5-B8CD-3B68DF38B8C1}.Debug|Any CPU.ActiveCfg = Debug|Any CPU
		{B42D4C68-D2EA-4CE5-B8CD-3B68DF38B8C1}.Debug|Any CPU.Build.0 = Debug|Any CPU
		{B42D4C68-D2EA-4CE5-B8CD-3B68DF38B8C1}.Release|Any CPU.ActiveCfg = Release|Any CPU
		{B42D4C68-D2EA-4CE5-B8CD-3B68DF38B8C1}.Release|Any CPU.Build.0 = Release|Any CPU
		{C617FDC1-DDFA-485A-B18E-3F101D329A52}.Debug|Any CPU.ActiveCfg = Debug|Any CPU
		{C617FDC1-DDFA-485A-B18E-3F101D329A52}.Debug|Any CPU.Build.0 = Debug|Any CPU
		{C617FDC1-DDFA-485A-B18E-3F101D329A52}.Release|Any CPU.ActiveCfg = Release|Any CPU
		{C617FDC1-DDFA-485A-B18E-3F101D329A52}.Release|Any CPU.Build.0 = Release|Any CPU
		{6D471E44-5CFF-43B8-9E53-27DDF3B49539}.Debug|Any CPU.ActiveCfg = Debug|Any CPU
		{6D471E44-5CFF-43B8-9E53-27DDF3B49539}.Debug|Any CPU.Build.0 = Debug|Any CPU
		{6D471E44-5CFF-43B8-9E53-27DDF3B49539}.Release|Any CPU.ActiveCfg = Release|Any CPU
		{6D471E44-5CFF-43B8-9E53-27DDF3B49539}.Release|Any CPU.Build.0 = Release|Any CPU
		{68C298FC-5099-4427-BF76-AD3DA4AB8502}.Debug|Any CPU.ActiveCfg = Debug|Any CPU
		{68C298FC-5099-4427-BF76-AD3DA4AB8502}.Debug|Any CPU.Build.0 = Debug|Any CPU
		{68C298FC-5099-4427-BF76-AD3DA4AB8502}.Release|Any CPU.ActiveCfg = Release|Any CPU
		{68C298FC-5099-4427-BF76-AD3DA4AB8502}.Release|Any CPU.Build.0 = Release|Any CPU
	EndGlobalSection
	GlobalSection(SolutionProperties) = preSolution
		HideSolutionNode = FALSE
	EndGlobalSection
	GlobalSection(NestedProjects) = preSolution
		{8C8C7523-B1E6-42A1-B3C0-89F83A5A705F} = {72D9EFA0-D047-4E50-B193-82A9C0533DE5}
		{E26DB4DF-A7AB-4508-9CE3-9EE5149770E6} = {72D9EFA0-D047-4E50-B193-82A9C0533DE5}
		{D801AA85-EBD8-4C7D-8EE1-B6B31CE225DE} = {72D9EFA0-D047-4E50-B193-82A9C0533DE5}
		{A4C384FE-82A3-4897-87B0-3F072631E2D6} = {72D9EFA0-D047-4E50-B193-82A9C0533DE5}
		{B42D4C68-D2EA-4CE5-B8CD-3B68DF38B8C1} = {BDC437E5-D78B-4E6D-A806-09AF6890C936}
		{C617FDC1-DDFA-485A-B18E-3F101D329A52} = {BDC437E5-D78B-4E6D-A806-09AF6890C936}
		{6D471E44-5CFF-43B8-9E53-27DDF3B49539} = {BDC437E5-D78B-4E6D-A806-09AF6890C936}
		{68C298FC-5099-4427-BF76-AD3DA4AB8502} = {BDC437E5-D78B-4E6D-A806-09AF6890C936}
	EndGlobalSection
	GlobalSection(ExtensibilityGlobals) = postSolution
		SolutionGuid = {8C099CC1-E39C-48F1-B36F-8BFE3E0AF126}
	EndGlobalSection
EndGlobal
